
Microsoft Visual Studio Solution File, Format Version 12.00
# Visual Studio Version 16
VisualStudioVersion = 16.0.32228.343
MinimumVisualStudioVersion = 10.0.40219.1
Project("{9A19103F-16F7-4668-BE54-9A1E7A4F7556}") = "DemoDssApiApp", "DemoDssApiApp\DemoDssApiApp.csproj", "{03817A95-741E-4C00-B5E0-B6A33DC10AC0}"
EndProject
Project("{FAE04EC0-301F-11D3-BF4B-00C04F79EFBC}") = "DemoClientApp", "DemoClientApp\DemoClientApp.csproj", "{DEC1C59B-E93D-42BB-B3F1-B4067C3EA1BA}"
EndProject
Global
	GlobalSection(SolutionConfigurationPlatforms) = preSolution
		Debug|Any CPU = Debug|Any CPU
		Release|Any CPU = Release|Any CPU
	EndGlobalSection
	GlobalSection(ProjectConfigurationPlatforms) = postSolution
		{03817A95-741E-4C00-B5E0-B6A33DC10AC0}.Debug|Any CPU.ActiveCfg = Debug|Any CPU
		{03817A95-741E-4C00-B5E0-B6A33DC10AC0}.Debug|Any CPU.Build.0 = Debug|Any CPU
		{03817A95-741E-4C00-B5E0-B6A33DC10AC0}.Release|Any CPU.ActiveCfg = Release|Any CPU
		{03817A95-741E-4C00-B5E0-B6A33DC10AC0}.Release|Any CPU.Build.0 = Release|Any CPU
		{DEC1C59B-E93D-42BB-B3F1-B4067C3EA1BA}.Debug|Any CPU.ActiveCfg = Debug|Any CPU
		{DEC1C59B-E93D-42BB-B3F1-B4067C3EA1BA}.Debug|Any CPU.Build.0 = Debug|Any CPU
		{DEC1C59B-E93D-42BB-B3F1-B4067C3EA1BA}.Release|Any CPU.ActiveCfg = Release|Any CPU
		{DEC1C59B-E93D-42BB-B3F1-B4067C3EA1BA}.Release|Any CPU.Build.0 = Release|Any CPU
	EndGlobalSection
	GlobalSection(SolutionProperties) = preSolution
		HideSolutionNode = FALSE
	EndGlobalSection
	GlobalSection(ExtensibilityGlobals) = postSolution
		SolutionGuid = {C670AEF4-3DCF-48A2-BC5E-7B51C0456FD8}
	EndGlobalSection
EndGlobal
